// !$*UTF8*$!
{
	archiveVersion = 1;
	classes = {
	};
	objectVersion = 46;
	objects = {

/* Begin PBXBuildFile section */
		2F9EFD981C9BAFCA0033B286 /* AppDelegate.swift in Sources */ = {isa = PBXBuildFile; fileRef = 2F9EFD971C9BAFCA0033B286 /* AppDelegate.swift */; };
		2F9EFD9A1C9BAFCA0033B286 /* ViewController.swift in Sources */ = {isa = PBXBuildFile; fileRef = 2F9EFD991C9BAFCA0033B286 /* ViewController.swift */; };
		2F9EFD9D1C9BAFCA0033B286 /* Main.storyboard in Resources */ = {isa = PBXBuildFile; fileRef = 2F9EFD9B1C9BAFCA0033B286 /* Main.storyboard */; };
		2F9EFD9F1C9BAFCA0033B286 /* Assets.xcassets in Resources */ = {isa = PBXBuildFile; fileRef = 2F9EFD9E1C9BAFCA0033B286 /* Assets.xcassets */; };
		2F9EFDA21C9BAFCA0033B286 /* LaunchScreen.storyboard in Resources */ = {isa = PBXBuildFile; fileRef = 2F9EFDA01C9BAFCA0033B286 /* LaunchScreen.storyboard */; };
		2F9EFDAD1C9BAFCA0033B286 /* NiceTests.swift in Sources */ = {isa = PBXBuildFile; fileRef = 2F9EFDAC1C9BAFCA0033B286 /* NiceTests.swift */; };
		2F9EFDB81C9BAFCA0033B286 /* NiceUITests.swift in Sources */ = {isa = PBXBuildFile; fileRef = 2F9EFDB71C9BAFCA0033B286 /* NiceUITests.swift */; };
/* End PBXBuildFile section */

/* Begin PBXContainerItemProxy section */
		2F9EFDA91C9BAFCA0033B286 /* PBXContainerItemProxy */ = {
			isa = PBXContainerItemProxy;
			containerPortal = 2F9EFD8C1C9BAFCA0033B286 /* Project object */;
			proxyType = 1;
			remoteGlobalIDString = 2F9EFD931C9BAFCA0033B286;
			remoteInfo = Nice;
		};
		2F9EFDB41C9BAFCA0033B286 /* PBXContainerItemProxy */ = {
			isa = PBXContainerItemProxy;
			containerPortal = 2F9EFD8C1C9BAFCA0033B286 /* Project object */;
			proxyType = 1;
			remoteGlobalIDString = 2F9EFD931C9BAFCA0033B286;
			remoteInfo = Nice;
		};
/* End PBXContainerItemProxy section */

/* Begin PBXFileReference section */
		2F9EFD941C9BAFCA0033B286 /* Nice.app */ = {isa = PBXFileReference; explicitFileType = wrapper.application; includeInIndex = 0; path = Nice.app; sourceTree = BUILT_PRODUCTS_DIR; };
		2F9EFD971C9BAFCA0033B286 /* AppDelegate.swift */ = {isa = PBXFileReference; lastKnownFileType = sourcecode.swift; path = AppDelegate.swift; sourceTree = "<group>"; };
		2F9EFD991C9BAFCA0033B286 /* ViewController.swift */ = {isa = PBXFileReference; lastKnownFileType = sourcecode.swift; path = ViewController.swift; sourceTree = "<group>"; };
		2F9EFD9C1C9BAFCA0033B286 /* Base */ = {isa = PBXFileReference; lastKnownFileType = file.storyboard; name = Base; path = Base.lproj/Main.storyboard; sourceTree = "<group>"; };
		2F9EFD9E1C9BAFCA0033B286 /* Assets.xcassets */ = {isa = PBXFileReference; lastKnownFileType = folder.assetcatalog; path = Assets.xcassets; sourceTree = "<group>"; };
		2F9EFDA11C9BAFCA0033B286 /* Base */ = {isa = PBXFileReference; lastKnownFileType = file.storyboard; name = Base; path = Base.lproj/LaunchScreen.storyboard; sourceTree = "<group>"; };
		2F9EFDA31C9BAFCA0033B286 /* Info.plist */ = {isa = PBXFileReference; lastKnownFileType = text.plist.xml; path = Info.plist; sourceTree = "<group>"; };
		2F9EFDA81C9BAFCA0033B286 /* NiceTests.xctest */ = {isa = PBXFileReference; explicitFileType = wrapper.cfbundle; includeInIndex = 0; path = NiceTests.xctest; sourceTree = BUILT_PRODUCTS_DIR; };
		2F9EFDAC1C9BAFCA0033B286 /* NiceTests.swift */ = {isa = PBXFileReference; lastKnownFileType = sourcecode.swift; path = NiceTests.swift; sourceTree = "<group>"; };
		2F9EFDAE1C9BAFCA0033B286 /* Info.plist */ = {isa = PBXFileReference; lastKnownFileType = text.plist.xml; path = Info.plist; sourceTree = "<group>"; };
		2F9EFDB31C9BAFCA0033B286 /* NiceUITests.xctest */ = {isa = PBXFileReference; explicitFileType = wrapper.cfbundle; includeInIndex = 0; path = NiceUITests.xctest; sourceTree = BUILT_PRODUCTS_DIR; };
		2F9EFDB71C9BAFCA0033B286 /* NiceUITests.swift */ = {isa = PBXFileReference; lastKnownFileType = sourcecode.swift; path = NiceUITests.swift; sourceTree = "<group>"; };
		2F9EFDB91C9BAFCA0033B286 /* Info.plist */ = {isa = PBXFileReference; lastKnownFileType = text.plist.xml; path = Info.plist; sourceTree = "<group>"; };
/* End PBXFileReference section */

/* Begin PBXFrameworksBuildPhase section */
		2F9EFD911C9BAFCA0033B286 /* Frameworks */ = {
			isa = PBXFrameworksBuildPhase;
			buildActionMask = 2147483647;
			files = (
			);
			runOnlyForDeploymentPostprocessing = 0;
		};
		2F9EFDA51C9BAFCA0033B286 /* Frameworks */ = {
			isa = PBXFrameworksBuildPhase;
			buildActionMask = 2147483647;
			files = (
			);
			runOnlyForDeploymentPostprocessing = 0;
		};
		2F9EFDB01C9BAFCA0033B286 /* Frameworks */ = {
			isa = PBXFrameworksBuildPhase;
			buildActionMask = 2147483647;
			files = (
			);
			runOnlyForDeploymentPostprocessing = 0;
		};
/* End PBXFrameworksBuildPhase section */

/* Begin PBXGroup section */
		2F9EFD8B1C9BAFCA0033B286 = {
			isa = PBXGroup;
			children = (
				2F9EFD961C9BAFCA0033B286 /* Nice */,
				2F9EFDAB1C9BAFCA0033B286 /* NiceTests */,
				2F9EFDB61C9BAFCA0033B286 /* NiceUITests */,
				2F9EFD951C9BAFCA0033B286 /* Products */,
			);
			sourceTree = "<group>";
		};
		2F9EFD951C9BAFCA0033B286 /* Products */ = {
			isa = PBXGroup;
			children = (
				2F9EFD941C9BAFCA0033B286 /* Nice.app */,
				2F9EFDA81C9BAFCA0033B286 /* NiceTests.xctest */,
				2F9EFDB31C9BAFCA0033B286 /* NiceUITests.xctest */,
			);
			name = Products;
			sourceTree = "<group>";
		};
		2F9EFD961C9BAFCA0033B286 /* Nice */ = {
			isa = PBXGroup;
			children = (
				2F9EFD971C9BAFCA0033B286 /* AppDelegate.swift */,
				2F9EFD991C9BAFCA0033B286 /* ViewController.swift */,
				2F9EFD9B1C9BAFCA0033B286 /* Main.storyboard */,
				2F9EFD9E1C9BAFCA0033B286 /* Assets.xcassets */,
				2F9EFDA01C9BAFCA0033B286 /* LaunchScreen.storyboard */,
				2F9EFDA31C9BAFCA0033B286 /* Info.plist */,
			);
			path = Nice;
			sourceTree = "<group>";
		};
		2F9EFDAB1C9BAFCA0033B286 /* NiceTests */ = {
			isa = PBXGroup;
			children = (
				2F9EFDAC1C9BAFCA0033B286 /* NiceTests.swift */,
				2F9EFDAE1C9BAFCA0033B286 /* Info.plist */,
			);
			path = NiceTests;
			sourceTree = "<group>";
		};
		2F9EFDB61C9BAFCA0033B286 /* NiceUITests */ = {
			isa = PBXGroup;
			children = (
				2F9EFDB71C9BAFCA0033B286 /* NiceUITests.swift */,
				2F9EFDB91C9BAFCA0033B286 /* Info.plist */,
			);
			path = NiceUITests;
			sourceTree = "<group>";
		};
/* End PBXGroup section */

/* Begin PBXNativeTarget section */
		2F9EFD931C9BAFCA0033B286 /* Nice */ = {
			isa = PBXNativeTarget;
			buildConfigurationList = 2F9EFDBC1C9BAFCA0033B286 /* Build configuration list for PBXNativeTarget "Nice" */;
			buildPhases = (
				2F9EFD901C9BAFCA0033B286 /* Sources */,
				2F9EFD911C9BAFCA0033B286 /* Frameworks */,
				2F9EFD921C9BAFCA0033B286 /* Resources */,
			);
			buildRules = (
			);
			dependencies = (
			);
			name = Nice;
			productName = Nice;
			productReference = 2F9EFD941C9BAFCA0033B286 /* Nice.app */;
			productType = "com.apple.product-type.application";
		};
		2F9EFDA71C9BAFCA0033B286 /* NiceTests */ = {
			isa = PBXNativeTarget;
			buildConfigurationList = 2F9EFDBF1C9BAFCA0033B286 /* Build configuration list for PBXNativeTarget "NiceTests" */;
			buildPhases = (
				2F9EFDA41C9BAFCA0033B286 /* Sources */,
				2F9EFDA51C9BAFCA0033B286 /* Frameworks */,
				2F9EFDA61C9BAFCA0033B286 /* Resources */,
			);
			buildRules = (
			);
			dependencies = (
				2F9EFDAA1C9BAFCA0033B286 /* PBXTargetDependency */,
			);
			name = NiceTests;
			productName = NiceTests;
			productReference = 2F9EFDA81C9BAFCA0033B286 /* NiceTests.xctest */;
			productType = "com.apple.product-type.bundle.unit-test";
		};
		2F9EFDB21C9BAFCA0033B286 /* NiceUITests */ = {
			isa = PBXNativeTarget;
			buildConfigurationList = 2F9EFDC21C9BAFCA0033B286 /* Build configuration list for PBXNativeTarget "NiceUITests" */;
			buildPhases = (
				2F9EFDAF1C9BAFCA0033B286 /* Sources */,
				2F9EFDB01C9BAFCA0033B286 /* Frameworks */,
				2F9EFDB11C9BAFCA0033B286 /* Resources */,
			);
			buildRules = (
			);
			dependencies = (
				2F9EFDB51C9BAFCA0033B286 /* PBXTargetDependency */,
			);
			name = NiceUITests;
			productName = NiceUITests;
			productReference = 2F9EFDB31C9BAFCA0033B286 /* NiceUITests.xctest */;
			productType = "com.apple.product-type.bundle.ui-testing";
		};
/* End PBXNativeTarget section */

/* Begin PBXProject section */
		2F9EFD8C1C9BAFCA0033B286 /* Project object */ = {
			isa = PBXProject;
			attributes = {
				LastSwiftUpdateCheck = 0720;
				LastUpgradeCheck = 0720;
				ORGANIZATIONNAME = yang;
				TargetAttributes = {
					2F9EFD931C9BAFCA0033B286 = {
						CreatedOnToolsVersion = 7.2;
					};
					2F9EFDA71C9BAFCA0033B286 = {
						CreatedOnToolsVersion = 7.2;
						TestTargetID = 2F9EFD931C9BAFCA0033B286;
					};
					2F9EFDB21C9BAFCA0033B286 = {
						CreatedOnToolsVersion = 7.2;
						TestTargetID = 2F9EFD931C9BAFCA0033B286;
					};
				};
			};
			buildConfigurationList = 2F9EFD8F1C9BAFCA0033B286 /* Build configuration list for PBXProject "Nice" */;
			compatibilityVersion = "Xcode 3.2";
			developmentRegion = English;
			hasScannedForEncodings = 0;
			knownRegions = (
				en,
				Base,
			);
			mainGroup = 2F9EFD8B1C9BAFCA0033B286;
			productRefGroup = 2F9EFD951C9BAFCA0033B286 /* Products */;
			projectDirPath = "";
			projectRoot = "";
			targets = (
				2F9EFD931C9BAFCA0033B286 /* Nice */,
				2F9EFDA71C9BAFCA0033B286 /* NiceTests */,
				2F9EFDB21C9BAFCA0033B286 /* NiceUITests */,
			);
		};
/* End PBXProject section */

/* Begin PBXResourcesBuildPhase section */
		2F9EFD921C9BAFCA0033B286 /* Resources */ = {
			isa = PBXResourcesBuildPhase;
			buildActionMask = 2147483647;
			files = (
				2F9EFDA21C9BAFCA0033B286 /* LaunchScreen.storyboard in Resources */,
				2F9EFD9F1C9BAFCA0033B286 /* Assets.xcassets in Resources */,
				2F9EFD9D1C9BAFCA0033B286 /* Main.storyboard in Resources */,
			);
			runOnlyForDeploymentPostprocessing = 0;
		};
		2F9EFDA61C9BAFCA0033B286 /* Resources */ = {
			isa = PBXResourcesBuildPhase;
			buildActionMask = 2147483647;
			files = (
			);
			runOnlyForDeploymentPostprocessing = 0;
		};
		2F9EFDB11C9BAFCA0033B286 /* Resources */ = {
			isa = PBXResourcesBuildPhase;
			buildActionMask = 2147483647;
			files = (
			);
			runOnlyForDeploymentPostprocessing = 0;
		};
/* End PBXResourcesBuildPhase section */

/* Begin PBXSourcesBuildPhase section */
		2F9EFD901C9BAFCA0033B286 /* Sources */ = {
			isa = PBXSourcesBuildPhase;
			buildActionMask = 2147483647;
			files = (
				2F9EFD9A1C9BAFCA0033B286 /* ViewController.swift in Sources */,
				2F9EFD981C9BAFCA0033B286 /* AppDelegate.swift in Sources */,
			);
			runOnlyForDeploymentPostprocessing = 0;
		};
		2F9EFDA41C9BAFCA0033B286 /* Sources */ = {
			isa = PBXSourcesBuildPhase;
			buildActionMask = 2147483647;
			files = (
				2F9EFDAD1C9BAFCA0033B286 /* NiceTests.swift in Sources */,
			);
			runOnlyForDeploymentPostprocessing = 0;
		};
		2F9EFDAF1C9BAFCA0033B286 /* Sources */ = {
			isa = PBXSourcesBuildPhase;
			buildActionMask = 2147483647;
			files = (
				2F9EFDB81C9BAFCA0033B286 /* NiceUITests.swift in Sources */,
			);
			runOnlyForDeploymentPostprocessing = 0;
		};
/* End PBXSourcesBuildPhase section */

/* Begin PBXTargetDependency section */
		2F9EFDAA1C9BAFCA0033B286 /* PBXTargetDependency */ = {
			isa = PBXTargetDependency;
			target = 2F9EFD931C9BAFCA0033B286 /* Nice */;
			targetProxy = 2F9EFDA91C9BAFCA0033B286 /* PBXContainerItemProxy */;
		};
		2F9EFDB51C9BAFCA0033B286 /* PBXTargetDependency */ = {
			isa = PBXTargetDependency;
			target = 2F9EFD931C9BAFCA0033B286 /* Nice */;
			targetProxy = 2F9EFDB41C9BAFCA0033B286 /* PBXContainerItemProxy */;
		};
/* End PBXTargetDependency section */

/* Begin PBXVariantGroup section */
		2F9EFD9B1C9BAFCA0033B286 /* Main.storyboard */ = {
			isa = PBXVariantGroup;
			children = (
				2F9EFD9C1C9BAFCA0033B286 /* Base */,
			);
			name = Main.storyboard;
			sourceTree = "<group>";
		};
		2F9EFDA01C9BAFCA0033B286 /* LaunchScreen.storyboard */ = {
			isa = PBXVariantGroup;
			children = (
				2F9EFDA11C9BAFCA0033B286 /* Base */,
			);
			name = LaunchScreen.storyboard;
			sourceTree = "<group>";
		};
/* End PBXVariantGroup section */

/* Begin XCBuildConfiguration section */
		2F9EFDBA1C9BAFCA0033B286 /* Debug */ = {
			isa = XCBuildConfiguration;
			buildSettings = {
				ALWAYS_SEARCH_USER_PATHS = NO;
				CLANG_CXX_LANGUAGE_STANDARD = "gnu++0x";
				CLANG_CXX_LIBRARY = "libc++";
				CLANG_ENABLE_MODULES = YES;
				CLANG_ENABLE_OBJC_ARC = YES;
				CLANG_WARN_BOOL_CONVERSION = YES;
				CLANG_WARN_CONSTANT_CONVERSION = YES;
				CLANG_WARN_DIRECT_OBJC_ISA_USAGE = YES_ERROR;
				CLANG_WARN_EMPTY_BODY = YES;
				CLANG_WARN_ENUM_CONVERSION = YES;
				CLANG_WARN_INT_CONVERSION = YES;
				CLANG_WARN_OBJC_ROOT_CLASS = YES_ERROR;
				CLANG_WARN_UNREACHABLE_CODE = YES;
				CLANG_WARN__DUPLICATE_METHOD_MATCH = YES;
				"CODE_SIGN_IDENTITY[sdk=iphoneos*]" = "iPhone Developer";
				COPY_PHASE_STRIP = NO;
				DEBUG_INFORMATION_FORMAT = dwarf;
				ENABLE_STRICT_OBJC_MSGSEND = YES;
				ENABLE_TESTABILITY = YES;
				GCC_C_LANGUAGE_STANDARD = gnu99;
				GCC_DYNAMIC_NO_PIC = NO;
				GCC_NO_COMMON_BLOCKS = YES;
				GCC_OPTIMIZATION_LEVEL = 0;
				GCC_PREPROCESSOR_DEFINITIONS = (
					"DEBUG=1",
					"$(inherited)",
				);
				GCC_WARN_64_TO_32_BIT_CONVERSION = YES;
				GCC_WARN_ABOUT_RETURN_TYPE = YES_ERROR;
				GCC_WARN_UNDECLARED_SELECTOR = YES;
				GCC_WARN_UNINITIALIZED_AUTOS = YES_AGGRESSIVE;
				GCC_WARN_UNUSED_FUNCTION = YES;
				GCC_WARN_UNUSED_VARIABLE = YES;
				IPHONEOS_DEPLOYMENT_TARGET = 9.2;
				MTL_ENABLE_DEBUG_INFO = YES;
				ONLY_ACTIVE_ARCH = YES;
				SDKROOT = iphoneos;
				SWIFT_OPTIMIZATION_LEVEL = "-Onone";
			};
			name = Debug;
		};
		2F9EFDBB1C9BAFCA0033B286 /* Release */ = {
			isa = XCBuildConfiguration;
			buildSettings = {
				ALWAYS_SEARCH_USER_PATHS = NO;
				CLANG_CXX_LANGUAGE_STANDARD = "gnu++0x";
				CLANG_CXX_LIBRARY = "libc++";
				CLANG_ENABLE_MODULES = YES;
				CLANG_ENABLE_OBJC_ARC = YES;
				CLANG_WARN_BOOL_CONVERSION = YES;
				CLANG_WARN_CONSTANT_CONVERSION = YES;
				CLANG_WARN_DIRECT_OBJC_ISA_USAGE = YES_ERROR;
				CLANG_WARN_EMPTY_BODY = YES;
				CLANG_WARN_ENUM_CONVERSION = YES;
				CLANG_WARN_INT_CONVERSION = YES;
				CLANG_WARN_OBJC_ROOT_CLASS = YES_ERROR;
				CLANG_WARN_UNREACHABLE_CODE = YES;
				CLANG_WARN__DUPLICATE_METHOD_MATCH = YES;
				"CODE_SIGN_IDENTITY[sdk=iphoneos*]" = "iPhone Developer";
				COPY_PHASE_STRIP = NO;
				DEBUG_INFORMATION_FORMAT = "dwarf-with-dsym";
				ENABLE_NS_ASSERTIONS = NO;
				ENABLE_STRICT_OBJC_MSGSEND = YES;
				GCC_C_LANGUAGE_STANDARD = gnu99;
				GCC_NO_COMMON_BLOCKS = YES;
				GCC_WARN_64_TO_32_BIT_CONVERSION = YES;
				GCC_WARN_ABOUT_RETURN_TYPE = YES_ERROR;
				GCC_WARN_UNDECLARED_SELECTOR = YES;
				GCC_WARN_UNINITIALIZED_AUTOS = YES_AGGRESSIVE;
				GCC_WARN_UNUSED_FUNCTION = YES;
				GCC_WARN_UNUSED_VARIABLE = YES;
				IPHONEOS_DEPLOYMENT_TARGET = 9.2;
				MTL_ENABLE_DEBUG_INFO = NO;
				SDKROOT = iphoneos;
				VALIDATE_PRODUCT = YES;
			};
			name = Release;
		};
		2F9EFDBD1C9BAFCA0033B286 /* Debug */ = {
			isa = XCBuildConfiguration;
			buildSettings = {
				ASSETCATALOG_COMPILER_APPICON_NAME = AppIcon;
				INFOPLIST_FILE = Nice/Info.plist;
				LD_RUNPATH_SEARCH_PATHS = "$(inherited) @executable_path/Frameworks";
				PRODUCT_BUNDLE_IDENTIFIER = com.zendai.Nice;
				PRODUCT_NAME = "$(TARGET_NAME)";
			};
			name = Debug;
		};
		2F9EFDBE1C9BAFCA0033B286 /* Release */ = {
			isa = XCBuildConfiguration;
			buildSettings = {
				ASSETCATALOG_COMPILER_APPICON_NAME = AppIcon;
				INFOPLIST_FILE = Nice/Info.plist;
				LD_RUNPATH_SEARCH_PATHS = "$(inherited) @executable_path/Frameworks";
				PRODUCT_BUNDLE_IDENTIFIER = com.zendai.Nice;
				PRODUCT_NAME = "$(TARGET_NAME)";
			};
			name = Release;
		};
		2F9EFDC01C9BAFCA0033B286 /* Debug */ = {
			isa = XCBuildConfiguration;
			buildSettings = {
				BUNDLE_LOADER = "$(TEST_HOST)";
				INFOPLIST_FILE = NiceTests/Info.plist;
				LD_RUNPATH_SEARCH_PATHS = "$(inherited) @executable_path/Frameworks @loader_path/Frameworks";
				PRODUCT_BUNDLE_IDENTIFIER = com.zendai.NiceTests;
				PRODUCT_NAME = "$(TARGET_NAME)";
				TEST_HOST = "$(BUILT_PRODUCTS_DIR)/Nice.app/Nice";
			};
			name = Debug;
		};
		2F9EFDC11C9BAFCA0033B286 /* Release */ = {
			isa = XCBuildConfiguration;
			buildSettings = {
				BUNDLE_LOADER = "$(TEST_HOST)";
				INFOPLIST_FILE = NiceTests/Info.plist;
				LD_RUNPATH_SEARCH_PATHS = "$(inherited) @executable_path/Frameworks @loader_path/Frameworks";
				PRODUCT_BUNDLE_IDENTIFIER = com.zendai.NiceTests;
				PRODUCT_NAME = "$(TARGET_NAME)";
				TEST_HOST = "$(BUILT_PRODUCTS_DIR)/Nice.app/Nice";
			};
			name = Release;
		};
		2F9EFDC31C9BAFCA0033B286 /* Debug */ = {
			isa = XCBuildConfiguration;
			buildSettings = {
				INFOPLIST_FILE = NiceUITests/Info.plist;
				LD_RUNPATH_SEARCH_PATHS = "$(inherited) @executable_path/Frameworks @loader_path/Frameworks";
				PRODUCT_BUNDLE_IDENTIFIER = com.zendai.NiceUITests;
				PRODUCT_NAME = "$(TARGET_NAME)";
				TEST_TARGET_NAME = Nice;
				USES_XCTRUNNER = YES;
			};
			name = Debug;
		};
		2F9EFDC41C9BAFCA0033B286 /* Release */ = {
			isa = XCBuildConfiguration;
			buildSettings = {
				INFOPLIST_FILE = NiceUITests/Info.plist;
				LD_RUNPATH_SEARCH_PATHS = "$(inherited) @executable_path/Frameworks @loader_path/Frameworks";
				PRODUCT_BUNDLE_IDENTIFIER = com.zendai.NiceUITests;
				PRODUCT_NAME = "$(TARGET_NAME)";
				TEST_TARGET_NAME = Nice;
				USES_XCTRUNNER = YES;
			};
			name = Release;
		};
/* End XCBuildConfiguration section */

/* Begin XCConfigurationList section */
		2F9EFD8F1C9BAFCA0033B286 /* Build configuration list for PBXProject "Nice" */ = {
			isa = XCConfigurationList;
			buildConfigurations = (
				2F9EFDBA1C9BAFCA0033B286 /* Debug */,
				2F9EFDBB1C9BAFCA0033B286 /* Release */,
			);
			defaultConfigurationIsVisible = 0;
			defaultConfigurationName = Release;
		};
		2F9EFDBC1C9BAFCA0033B286 /* Build configuration list for PBXNativeTarget "Nice" */ = {
			isa = XCConfigurationList;
			buildConfigurations = (
				2F9EFDBD1C9BAFCA0033B286 /* Debug */,
				2F9EFDBE1C9BAFCA0033B286 /* Release */,
			);
			defaultConfigurationIsVisible = 0;
		};
		2F9EFDBF1C9BAFCA0033B286 /* Build configuration list for PBXNativeTarget "NiceTests" */ = {
			isa = XCConfigurationList;
			buildConfigurations = (
				2F9EFDC01C9BAFCA0033B286 /* Debug */,
				2F9EFDC11C9BAFCA0033B286 /* Release */,
			);
			defaultConfigurationIsVisible = 0;
		};
		2F9EFDC21C9BAFCA0033B286 /* Build configuration list for PBXNativeTarget "NiceUITests" */ = {
			isa = XCConfigurationList;
			buildConfigurations = (
				2F9EFDC31C9BAFCA0033B286 /* Debug */,
				2F9EFDC41C9BAFCA0033B286 /* Release */,
			);
			defaultConfigurationIsVisible = 0;
		};
/* End XCConfigurationList section */
	};
	rootObject = 2F9EFD8C1C9BAFCA0033B286 /* Project object */;
}
