// !$*UTF8*$!
{
	archiveVersion = 1;
	classes = {
	};
	objectVersion = 46;
	objects = {

/* Begin PBXBuildFile section */
		2F3DDEA61CDB18FE00F85BED /* Alamofire.framework in Frameworks */ = {isa = PBXBuildFile; fileRef = 2F3DDEA01CDB18BA00F85BED /* Alamofire.framework */; };
		2F3DDEA71CDB18FE00F85BED /* Kingfisher.framework in Frameworks */ = {isa = PBXBuildFile; fileRef = 2F3DDEA11CDB18BA00F85BED /* Kingfisher.framework */; };
		2F3DDEA81CDB18FE00F85BED /* SwiftyJSON.framework in Frameworks */ = {isa = PBXBuildFile; fileRef = 2F3DDEA21CDB18BA00F85BED /* SwiftyJSON.framework */; };
		2F3DDEAA1CDB191F00F85BED /* Alamofire.framework in CopyFiles */ = {isa = PBXBuildFile; fileRef = 2F3DDEA01CDB18BA00F85BED /* Alamofire.framework */; settings = {ATTRIBUTES = (CodeSignOnCopy, RemoveHeadersOnCopy, ); }; };
		2F3DDEAB1CDB191F00F85BED /* Kingfisher.framework in CopyFiles */ = {isa = PBXBuildFile; fileRef = 2F3DDEA11CDB18BA00F85BED /* Kingfisher.framework */; settings = {ATTRIBUTES = (CodeSignOnCopy, RemoveHeadersOnCopy, ); }; };
		2F3DDEAC1CDB191F00F85BED /* SwiftyJSON.framework in CopyFiles */ = {isa = PBXBuildFile; fileRef = 2F3DDEA21CDB18BA00F85BED /* SwiftyJSON.framework */; settings = {ATTRIBUTES = (CodeSignOnCopy, RemoveHeadersOnCopy, ); }; };
		2F9EFD981C9BAFCA0033B286 /* AppDelegate.swift in Sources */ = {isa = PBXBuildFile; fileRef = 2F9EFD971C9BAFCA0033B286 /* AppDelegate.swift */; };
		2F9EFD9D1C9BAFCA0033B286 /* Main.storyboard in Resources */ = {isa = PBXBuildFile; fileRef = 2F9EFD9B1C9BAFCA0033B286 /* Main.storyboard */; };
		2F9EFD9F1C9BAFCA0033B286 /* Assets.xcassets in Resources */ = {isa = PBXBuildFile; fileRef = 2F9EFD9E1C9BAFCA0033B286 /* Assets.xcassets */; };
		2F9EFDA21C9BAFCA0033B286 /* LaunchScreen.storyboard in Resources */ = {isa = PBXBuildFile; fileRef = 2F9EFDA01C9BAFCA0033B286 /* LaunchScreen.storyboard */; };
		2F9EFDAD1C9BAFCA0033B286 /* NiceTests.swift in Sources */ = {isa = PBXBuildFile; fileRef = 2F9EFDAC1C9BAFCA0033B286 /* NiceTests.swift */; };
		2F9EFDB81C9BAFCA0033B286 /* NiceUITests.swift in Sources */ = {isa = PBXBuildFile; fileRef = 2F9EFDB71C9BAFCA0033B286 /* NiceUITests.swift */; };
		2F9EFDCE1C9BCD2A0033B286 /* CommonConst.swift in Sources */ = {isa = PBXBuildFile; fileRef = 2F9EFDCA1C9BCD2A0033B286 /* CommonConst.swift */; };
		2F9EFDCF1C9BCD2A0033B286 /* UIColorExtension.swift in Sources */ = {isa = PBXBuildFile; fileRef = 2F9EFDCC1C9BCD2A0033B286 /* UIColorExtension.swift */; };
		2F9EFDD01C9BCD2A0033B286 /* UIImageExtension.swift in Sources */ = {isa = PBXBuildFile; fileRef = 2F9EFDCD1C9BCD2A0033B286 /* UIImageExtension.swift */; };
		2F9EFDE51C9BCD960033B286 /* WaterFlowLayout.swift in Sources */ = {isa = PBXBuildFile; fileRef = 2F9EFDD41C9BCD960033B286 /* WaterFlowLayout.swift */; };
		2F9EFE041C9BDF270033B286 /* ProfileViewController.swift in Sources */ = {isa = PBXBuildFile; fileRef = 2F9EFE031C9BDF270033B286 /* ProfileViewController.swift */; };
		2F9EFE061C9BE4110033B286 /* TabViewController.swift in Sources */ = {isa = PBXBuildFile; fileRef = 2F9EFE051C9BE4110033B286 /* TabViewController.swift */; };
		2F9EFE091C9C088B0033B286 /* DiscoverViewController.swift in Sources */ = {isa = PBXBuildFile; fileRef = 2F9EFE081C9C088B0033B286 /* DiscoverViewController.swift */; };
		2FA909D21C9FD9EB0022890F /* TintImageView.swift in Sources */ = {isa = PBXBuildFile; fileRef = 2FA909D11C9FD9EB0022890F /* TintImageView.swift */; };
/* End PBXBuildFile section */

/* Begin PBXContainerItemProxy section */
		2F6D9ED71CDB20F500647E63 /* PBXContainerItemProxy */ = {
			isa = PBXContainerItemProxy;
			containerPortal = 2F6D9ECD1CDB20F500647E63 /* Alamofire.xcodeproj */;
			proxyType = 2;
			remoteGlobalIDString = F8111E3319A95C8B0040E7D1;
			remoteInfo = "Alamofire iOS";
		};
		2F6D9ED91CDB20F500647E63 /* PBXContainerItemProxy */ = {
			isa = PBXContainerItemProxy;
			containerPortal = 2F6D9ECD1CDB20F500647E63 /* Alamofire.xcodeproj */;
			proxyType = 2;
			remoteGlobalIDString = F8111E3E19A95C8B0040E7D1;
			remoteInfo = "Alamofire iOS Tests";
		};
		2F6D9EDB1CDB20F500647E63 /* PBXContainerItemProxy */ = {
			isa = PBXContainerItemProxy;
			containerPortal = 2F6D9ECD1CDB20F500647E63 /* Alamofire.xcodeproj */;
			proxyType = 2;
			remoteGlobalIDString = 4DD67C0B1A5C55C900ED2280;
			remoteInfo = "Alamofire OSX";
		};
		2F6D9EDD1CDB20F500647E63 /* PBXContainerItemProxy */ = {
			isa = PBXContainerItemProxy;
			containerPortal = 2F6D9ECD1CDB20F500647E63 /* Alamofire.xcodeproj */;
			proxyType = 2;
			remoteGlobalIDString = F829C6B21A7A94F100A2CD59;
			remoteInfo = "Alamofire OSX Tests";
		};
		2F6D9EDF1CDB20F500647E63 /* PBXContainerItemProxy */ = {
			isa = PBXContainerItemProxy;
			containerPortal = 2F6D9ECD1CDB20F500647E63 /* Alamofire.xcodeproj */;
			proxyType = 2;
			remoteGlobalIDString = 4CF626EF1BA7CB3E0011A099;
			remoteInfo = "Alamofire tvOS";
		};
		2F6D9EE11CDB20F500647E63 /* PBXContainerItemProxy */ = {
			isa = PBXContainerItemProxy;
			containerPortal = 2F6D9ECD1CDB20F500647E63 /* Alamofire.xcodeproj */;
			proxyType = 2;
			remoteGlobalIDString = 4CF626F81BA7CB3E0011A099;
			remoteInfo = "Alamofire tvOS Tests";
		};
		2F6D9EE31CDB20F500647E63 /* PBXContainerItemProxy */ = {
			isa = PBXContainerItemProxy;
			containerPortal = 2F6D9ECD1CDB20F500647E63 /* Alamofire.xcodeproj */;
			proxyType = 2;
			remoteGlobalIDString = E4202FE01B667AA100C997FB;
			remoteInfo = "Alamofire watchOS";
		};
		2F9EFDA91C9BAFCA0033B286 /* PBXContainerItemProxy */ = {
			isa = PBXContainerItemProxy;
			containerPortal = 2F9EFD8C1C9BAFCA0033B286 /* Project object */;
			proxyType = 1;
			remoteGlobalIDString = 2F9EFD931C9BAFCA0033B286;
			remoteInfo = Nice;
		};
		2F9EFDB41C9BAFCA0033B286 /* PBXContainerItemProxy */ = {
			isa = PBXContainerItemProxy;
			containerPortal = 2F9EFD8C1C9BAFCA0033B286 /* Project object */;
			proxyType = 1;
			remoteGlobalIDString = 2F9EFD931C9BAFCA0033B286;
			remoteInfo = Nice;
		};
/* End PBXContainerItemProxy section */

/* Begin PBXCopyFilesBuildPhase section */
		2F3DDEA91CDB190F00F85BED /* CopyFiles */ = {
			isa = PBXCopyFilesBuildPhase;
			buildActionMask = 2147483647;
			dstPath = "";
			dstSubfolderSpec = 10;
			files = (
				2F3DDEAA1CDB191F00F85BED /* Alamofire.framework in CopyFiles */,
				2F3DDEAB1CDB191F00F85BED /* Kingfisher.framework in CopyFiles */,
				2F3DDEAC1CDB191F00F85BED /* SwiftyJSON.framework in CopyFiles */,
			);
			runOnlyForDeploymentPostprocessing = 0;
		};
/* End PBXCopyFilesBuildPhase section */

/* Begin PBXFileReference section */
		2F3DDEA01CDB18BA00F85BED /* Alamofire.framework */ = {isa = PBXFileReference; lastKnownFileType = wrapper.framework; name = Alamofire.framework; path = ../../Carthage/Build/iOS/Alamofire.framework; sourceTree = "<group>"; };
		2F3DDEA11CDB18BA00F85BED /* Kingfisher.framework */ = {isa = PBXFileReference; lastKnownFileType = wrapper.framework; name = Kingfisher.framework; path = ../../Carthage/Build/iOS/Kingfisher.framework; sourceTree = "<group>"; };
		2F3DDEA21CDB18BA00F85BED /* SwiftyJSON.framework */ = {isa = PBXFileReference; lastKnownFileType = wrapper.framework; name = SwiftyJSON.framework; path = ../../Carthage/Build/iOS/SwiftyJSON.framework; sourceTree = "<group>"; };
		2F6D9ECD1CDB20F500647E63 /* Alamofire.xcodeproj */ = {isa = PBXFileReference; lastKnownFileType = "wrapper.pb-project"; name = Alamofire.xcodeproj; path = Carthage/Checkouts/Alamofire/Alamofire.xcodeproj; sourceTree = "<group>"; };
		2F9EFD941C9BAFCA0033B286 /* Nice.app */ = {isa = PBXFileReference; explicitFileType = wrapper.application; includeInIndex = 0; path = Nice.app; sourceTree = BUILT_PRODUCTS_DIR; };
		2F9EFD971C9BAFCA0033B286 /* AppDelegate.swift */ = {isa = PBXFileReference; lastKnownFileType = sourcecode.swift; path = AppDelegate.swift; sourceTree = "<group>"; };
		2F9EFD9C1C9BAFCA0033B286 /* Base */ = {isa = PBXFileReference; lastKnownFileType = file.storyboard; name = Base; path = Base.lproj/Main.storyboard; sourceTree = "<group>"; };
		2F9EFD9E1C9BAFCA0033B286 /* Assets.xcassets */ = {isa = PBXFileReference; lastKnownFileType = folder.assetcatalog; path = Assets.xcassets; sourceTree = "<group>"; };
		2F9EFDA11C9BAFCA0033B286 /* Base */ = {isa = PBXFileReference; lastKnownFileType = file.storyboard; name = Base; path = Base.lproj/LaunchScreen.storyboard; sourceTree = "<group>"; };
		2F9EFDA31C9BAFCA0033B286 /* Info.plist */ = {isa = PBXFileReference; lastKnownFileType = text.plist.xml; path = Info.plist; sourceTree = "<group>"; };
		2F9EFDA81C9BAFCA0033B286 /* NiceTests.xctest */ = {isa = PBXFileReference; explicitFileType = wrapper.cfbundle; includeInIndex = 0; path = NiceTests.xctest; sourceTree = BUILT_PRODUCTS_DIR; };
		2F9EFDAC1C9BAFCA0033B286 /* NiceTests.swift */ = {isa = PBXFileReference; lastKnownFileType = sourcecode.swift; path = NiceTests.swift; sourceTree = "<group>"; };
		2F9EFDAE1C9BAFCA0033B286 /* Info.plist */ = {isa = PBXFileReference; lastKnownFileType = text.plist.xml; path = Info.plist; sourceTree = "<group>"; };
		2F9EFDB31C9BAFCA0033B286 /* NiceUITests.xctest */ = {isa = PBXFileReference; explicitFileType = wrapper.cfbundle; includeInIndex = 0; path = NiceUITests.xctest; sourceTree = BUILT_PRODUCTS_DIR; };
		2F9EFDB71C9BAFCA0033B286 /* NiceUITests.swift */ = {isa = PBXFileReference; lastKnownFileType = sourcecode.swift; path = NiceUITests.swift; sourceTree = "<group>"; };
		2F9EFDB91C9BAFCA0033B286 /* Info.plist */ = {isa = PBXFileReference; lastKnownFileType = text.plist.xml; path = Info.plist; sourceTree = "<group>"; };
		2F9EFDCA1C9BCD2A0033B286 /* CommonConst.swift */ = {isa = PBXFileReference; fileEncoding = 4; lastKnownFileType = sourcecode.swift; path = CommonConst.swift; sourceTree = "<group>"; };
		2F9EFDCC1C9BCD2A0033B286 /* UIColorExtension.swift */ = {isa = PBXFileReference; fileEncoding = 4; lastKnownFileType = sourcecode.swift; path = UIColorExtension.swift; sourceTree = "<group>"; };
		2F9EFDCD1C9BCD2A0033B286 /* UIImageExtension.swift */ = {isa = PBXFileReference; fileEncoding = 4; lastKnownFileType = sourcecode.swift; path = UIImageExtension.swift; sourceTree = "<group>"; };
		2F9EFDD41C9BCD960033B286 /* WaterFlowLayout.swift */ = {isa = PBXFileReference; fileEncoding = 4; lastKnownFileType = sourcecode.swift; path = WaterFlowLayout.swift; sourceTree = "<group>"; };
		2F9EFE031C9BDF270033B286 /* ProfileViewController.swift */ = {isa = PBXFileReference; fileEncoding = 4; lastKnownFileType = sourcecode.swift; path = ProfileViewController.swift; sourceTree = "<group>"; };
		2F9EFE051C9BE4110033B286 /* TabViewController.swift */ = {isa = PBXFileReference; fileEncoding = 4; lastKnownFileType = sourcecode.swift; path = TabViewController.swift; sourceTree = "<group>"; };
		2F9EFE081C9C088B0033B286 /* DiscoverViewController.swift */ = {isa = PBXFileReference; fileEncoding = 4; lastKnownFileType = sourcecode.swift; path = DiscoverViewController.swift; sourceTree = "<group>"; };
		2FA909D11C9FD9EB0022890F /* TintImageView.swift */ = {isa = PBXFileReference; fileEncoding = 4; lastKnownFileType = sourcecode.swift; path = TintImageView.swift; sourceTree = "<group>"; };
		2FA909D41C9FEA6B0022890F /* Nice-Bridging-Header.h */ = {isa = PBXFileReference; fileEncoding = 4; lastKnownFileType = sourcecode.c.h; path = "Nice-Bridging-Header.h"; sourceTree = "<group>"; };
/* End PBXFileReference section */

/* Begin PBXFrameworksBuildPhase section */
		2F9EFD911C9BAFCA0033B286 /* Frameworks */ = {
			isa = PBXFrameworksBuildPhase;
			buildActionMask = 2147483647;
			files = (
				2F3DDEA61CDB18FE00F85BED /* Alamofire.framework in Frameworks */,
				2F3DDEA71CDB18FE00F85BED /* Kingfisher.framework in Frameworks */,
				2F3DDEA81CDB18FE00F85BED /* SwiftyJSON.framework in Frameworks */,
			);
			runOnlyForDeploymentPostprocessing = 0;
		};
		2F9EFDA51C9BAFCA0033B286 /* Frameworks */ = {
			isa = PBXFrameworksBuildPhase;
			buildActionMask = 2147483647;
			files = (
			);
			runOnlyForDeploymentPostprocessing = 0;
		};
		2F9EFDB01C9BAFCA0033B286 /* Frameworks */ = {
			isa = PBXFrameworksBuildPhase;
			buildActionMask = 2147483647;
			files = (
			);
			runOnlyForDeploymentPostprocessing = 0;
		};
/* End PBXFrameworksBuildPhase section */

/* Begin PBXGroup section */
		2F6D9ECE1CDB20F500647E63 /* Products */ = {
			isa = PBXGroup;
			children = (
				2F6D9ED81CDB20F500647E63 /* Alamofire.framework */,
				2F6D9EDA1CDB20F500647E63 /* Alamofire iOS Tests.xctest */,
				2F6D9EDC1CDB20F500647E63 /* Alamofire.framework */,
				2F6D9EDE1CDB20F500647E63 /* Alamofire OSX Tests.xctest */,
				2F6D9EE01CDB20F500647E63 /* Alamofire.framework */,
				2F6D9EE21CDB20F500647E63 /* Alamofire tvOS Tests.xctest */,
				2F6D9EE41CDB20F500647E63 /* Alamofire.framework */,
			);
			name = Products;
			sourceTree = "<group>";
		};
		2F9EFD8B1C9BAFCA0033B286 = {
			isa = PBXGroup;
			children = (
				2F9EFD961C9BAFCA0033B286 /* Nice */,
				2F9EFDAB1C9BAFCA0033B286 /* NiceTests */,
				2F9EFDB61C9BAFCA0033B286 /* NiceUITests */,
				2F9EFD951C9BAFCA0033B286 /* Products */,
				2F6D9ECD1CDB20F500647E63 /* Alamofire.xcodeproj */,
			);
			sourceTree = "<group>";
		};
		2F9EFD951C9BAFCA0033B286 /* Products */ = {
			isa = PBXGroup;
			children = (
				2F9EFD941C9BAFCA0033B286 /* Nice.app */,
				2F9EFDA81C9BAFCA0033B286 /* NiceTests.xctest */,
				2F9EFDB31C9BAFCA0033B286 /* NiceUITests.xctest */,
			);
			name = Products;
			sourceTree = "<group>";
		};
		2F9EFD961C9BAFCA0033B286 /* Nice */ = {
			isa = PBXGroup;
			children = (
				2F9EFD971C9BAFCA0033B286 /* AppDelegate.swift */,
				2F9EFD9B1C9BAFCA0033B286 /* Main.storyboard */,
				2F9EFE021C9BDEE60033B286 /* Tabbar */,
				2F9EFDF61C9BDEE60033B286 /* Home */,
				2F9EFDF21C9BDEE60033B286 /* Discover */,
				2F9EFDFA1C9BDEE60033B286 /* Message */,
				2F9EFDFE1C9BDEE60033B286 /* Profile */,
				2F9EFDD11C9BCD960033B286 /* CustomView */,
				2F9EFDC91C9BCD2A0033B286 /* Declare */,
				2F9EFDCB1C9BCD2A0033B286 /* Extension */,
				2F9EFDD51C9BCD960033B286 /* ThirdPart */,
				2F9EFD9E1C9BAFCA0033B286 /* Assets.xcassets */,
				2F9EFDA01C9BAFCA0033B286 /* LaunchScreen.storyboard */,
				2F9EFDA31C9BAFCA0033B286 /* Info.plist */,
			);
			path = Nice;
			sourceTree = "<group>";
		};
		2F9EFDAB1C9BAFCA0033B286 /* NiceTests */ = {
			isa = PBXGroup;
			children = (
				2F9EFDAC1C9BAFCA0033B286 /* NiceTests.swift */,
				2F9EFDAE1C9BAFCA0033B286 /* Info.plist */,
			);
			path = NiceTests;
			sourceTree = "<group>";
		};
		2F9EFDB61C9BAFCA0033B286 /* NiceUITests */ = {
			isa = PBXGroup;
			children = (
				2F9EFDB71C9BAFCA0033B286 /* NiceUITests.swift */,
				2F9EFDB91C9BAFCA0033B286 /* Info.plist */,
			);
			path = NiceUITests;
			sourceTree = "<group>";
		};
		2F9EFDC91C9BCD2A0033B286 /* Declare */ = {
			isa = PBXGroup;
			children = (
				2F9EFDCA1C9BCD2A0033B286 /* CommonConst.swift */,
				2FA909D41C9FEA6B0022890F /* Nice-Bridging-Header.h */,
			);
			path = Declare;
			sourceTree = "<group>";
		};
		2F9EFDCB1C9BCD2A0033B286 /* Extension */ = {
			isa = PBXGroup;
			children = (
				2FA909D11C9FD9EB0022890F /* TintImageView.swift */,
				2F9EFDCC1C9BCD2A0033B286 /* UIColorExtension.swift */,
				2F9EFDCD1C9BCD2A0033B286 /* UIImageExtension.swift */,
			);
			path = Extension;
			sourceTree = "<group>";
		};
		2F9EFDD11C9BCD960033B286 /* CustomView */ = {
			isa = PBXGroup;
			children = (
				2F9EFDD41C9BCD960033B286 /* WaterFlowLayout.swift */,
			);
			path = CustomView;
			sourceTree = "<group>";
		};
		2F9EFDD51C9BCD960033B286 /* ThirdPart */ = {
			isa = PBXGroup;
			children = (
				2F3DDEA01CDB18BA00F85BED /* Alamofire.framework */,
				2F3DDEA11CDB18BA00F85BED /* Kingfisher.framework */,
				2F3DDEA21CDB18BA00F85BED /* SwiftyJSON.framework */,
			);
			path = ThirdPart;
			sourceTree = "<group>";
		};
		2F9EFDF21C9BDEE60033B286 /* Discover */ = {
			isa = PBXGroup;
			children = (
				2F9EFDF31C9BDEE60033B286 /* Controller */,
				2F9EFDF41C9BDEE60033B286 /* Model */,
				2F9EFDF51C9BDEE60033B286 /* View */,
			);
			path = Discover;
			sourceTree = "<group>";
		};
		2F9EFDF31C9BDEE60033B286 /* Controller */ = {
			isa = PBXGroup;
			children = (
				2F9EFE081C9C088B0033B286 /* DiscoverViewController.swift */,
			);
			path = Controller;
			sourceTree = "<group>";
		};
		2F9EFDF41C9BDEE60033B286 /* Model */ = {
			isa = PBXGroup;
			children = (
			);
			path = Model;
			sourceTree = "<group>";
		};
		2F9EFDF51C9BDEE60033B286 /* View */ = {
			isa = PBXGroup;
			children = (
			);
			path = View;
			sourceTree = "<group>";
		};
		2F9EFDF61C9BDEE60033B286 /* Home */ = {
			isa = PBXGroup;
			children = (
				2F9EFDF71C9BDEE60033B286 /* Controller */,
				2F9EFDF81C9BDEE60033B286 /* Model */,
				2F9EFDF91C9BDEE60033B286 /* View */,
			);
			path = Home;
			sourceTree = "<group>";
		};
		2F9EFDF71C9BDEE60033B286 /* Controller */ = {
			isa = PBXGroup;
			children = (
			);
			path = Controller;
			sourceTree = "<group>";
		};
		2F9EFDF81C9BDEE60033B286 /* Model */ = {
			isa = PBXGroup;
			children = (
			);
			path = Model;
			sourceTree = "<group>";
		};
		2F9EFDF91C9BDEE60033B286 /* View */ = {
			isa = PBXGroup;
			children = (
			);
			path = View;
			sourceTree = "<group>";
		};
		2F9EFDFA1C9BDEE60033B286 /* Message */ = {
			isa = PBXGroup;
			children = (
				2F9EFDFB1C9BDEE60033B286 /* Controller */,
				2F9EFDFC1C9BDEE60033B286 /* Model */,
				2F9EFDFD1C9BDEE60033B286 /* View */,
			);
			path = Message;
			sourceTree = "<group>";
		};
		2F9EFDFB1C9BDEE60033B286 /* Controller */ = {
			isa = PBXGroup;
			children = (
			);
			path = Controller;
			sourceTree = "<group>";
		};
		2F9EFDFC1C9BDEE60033B286 /* Model */ = {
			isa = PBXGroup;
			children = (
			);
			path = Model;
			sourceTree = "<group>";
		};
		2F9EFDFD1C9BDEE60033B286 /* View */ = {
			isa = PBXGroup;
			children = (
			);
			path = View;
			sourceTree = "<group>";
		};
		2F9EFDFE1C9BDEE60033B286 /* Profile */ = {
			isa = PBXGroup;
			children = (
				2F9EFDFF1C9BDEE60033B286 /* Controller */,
				2F9EFE001C9BDEE60033B286 /* Model */,
				2F9EFE011C9BDEE60033B286 /* View */,
			);
			path = Profile;
			sourceTree = "<group>";
		};
		2F9EFDFF1C9BDEE60033B286 /* Controller */ = {
			isa = PBXGroup;
			children = (
				2F9EFE031C9BDF270033B286 /* ProfileViewController.swift */,
			);
			path = Controller;
			sourceTree = "<group>";
		};
		2F9EFE001C9BDEE60033B286 /* Model */ = {
			isa = PBXGroup;
			children = (
			);
			path = Model;
			sourceTree = "<group>";
		};
		2F9EFE011C9BDEE60033B286 /* View */ = {
			isa = PBXGroup;
			children = (
			);
			path = View;
			sourceTree = "<group>";
		};
		2F9EFE021C9BDEE60033B286 /* Tabbar */ = {
			isa = PBXGroup;
			children = (
				2F9EFE051C9BE4110033B286 /* TabViewController.swift */,
			);
			path = Tabbar;
			sourceTree = "<group>";
		};
/* End PBXGroup section */

/* Begin PBXNativeTarget section */
		2F9EFD931C9BAFCA0033B286 /* Nice */ = {
			isa = PBXNativeTarget;
			buildConfigurationList = 2F9EFDBC1C9BAFCA0033B286 /* Build configuration list for PBXNativeTarget "Nice" */;
			buildPhases = (
				2F9EFD901C9BAFCA0033B286 /* Sources */,
				2F9EFD911C9BAFCA0033B286 /* Frameworks */,
				2F9EFD921C9BAFCA0033B286 /* Resources */,
				2F3DDEA91CDB190F00F85BED /* CopyFiles */,
			);
			buildRules = (
			);
			dependencies = (
			);
			name = Nice;
			productName = Nice;
			productReference = 2F9EFD941C9BAFCA0033B286 /* Nice.app */;
			productType = "com.apple.product-type.application";
		};
		2F9EFDA71C9BAFCA0033B286 /* NiceTests */ = {
			isa = PBXNativeTarget;
			buildConfigurationList = 2F9EFDBF1C9BAFCA0033B286 /* Build configuration list for PBXNativeTarget "NiceTests" */;
			buildPhases = (
				2F9EFDA41C9BAFCA0033B286 /* Sources */,
				2F9EFDA51C9BAFCA0033B286 /* Frameworks */,
				2F9EFDA61C9BAFCA0033B286 /* Resources */,
			);
			buildRules = (
			);
			dependencies = (
				2F9EFDAA1C9BAFCA0033B286 /* PBXTargetDependency */,
			);
			name = NiceTests;
			productName = NiceTests;
			productReference = 2F9EFDA81C9BAFCA0033B286 /* NiceTests.xctest */;
			productType = "com.apple.product-type.bundle.unit-test";
		};
		2F9EFDB21C9BAFCA0033B286 /* NiceUITests */ = {
			isa = PBXNativeTarget;
			buildConfigurationList = 2F9EFDC21C9BAFCA0033B286 /* Build configuration list for PBXNativeTarget "NiceUITests" */;
			buildPhases = (
				2F9EFDAF1C9BAFCA0033B286 /* Sources */,
				2F9EFDB01C9BAFCA0033B286 /* Frameworks */,
				2F9EFDB11C9BAFCA0033B286 /* Resources */,
			);
			buildRules = (
			);
			dependencies = (
				2F9EFDB51C9BAFCA0033B286 /* PBXTargetDependency */,
			);
			name = NiceUITests;
			productName = NiceUITests;
			productReference = 2F9EFDB31C9BAFCA0033B286 /* NiceUITests.xctest */;
			productType = "com.apple.product-type.bundle.ui-testing";
		};
/* End PBXNativeTarget section */

/* Begin PBXProject section */
		2F9EFD8C1C9BAFCA0033B286 /* Project object */ = {
			isa = PBXProject;
			attributes = {
				LastSwiftUpdateCheck = 0720;
				LastUpgradeCheck = 0720;
				ORGANIZATIONNAME = yang;
				TargetAttributes = {
					2F9EFD931C9BAFCA0033B286 = {
						CreatedOnToolsVersion = 7.2;
					};
					2F9EFDA71C9BAFCA0033B286 = {
						CreatedOnToolsVersion = 7.2;
						TestTargetID = 2F9EFD931C9BAFCA0033B286;
					};
					2F9EFDB21C9BAFCA0033B286 = {
						CreatedOnToolsVersion = 7.2;
						TestTargetID = 2F9EFD931C9BAFCA0033B286;
					};
				};
			};
			buildConfigurationList = 2F9EFD8F1C9BAFCA0033B286 /* Build configuration list for PBXProject "Nice" */;
			compatibilityVersion = "Xcode 3.2";
			developmentRegion = English;
			hasScannedForEncodings = 0;
			knownRegions = (
				en,
				Base,
			);
			mainGroup = 2F9EFD8B1C9BAFCA0033B286;
			productRefGroup = 2F9EFD951C9BAFCA0033B286 /* Products */;
			projectDirPath = "";
			projectReferences = (
				{
					ProductGroup = 2F6D9ECE1CDB20F500647E63 /* Products */;
					ProjectRef = 2F6D9ECD1CDB20F500647E63 /* Alamofire.xcodeproj */;
				},
			);
			projectRoot = "";
			targets = (
				2F9EFD931C9BAFCA0033B286 /* Nice */,
				2F9EFDA71C9BAFCA0033B286 /* NiceTests */,
				2F9EFDB21C9BAFCA0033B286 /* NiceUITests */,
			);
		};
/* End PBXProject section */

/* Begin PBXReferenceProxy section */
		2F6D9ED81CDB20F500647E63 /* Alamofire.framework */ = {
			isa = PBXReferenceProxy;
			fileType = wrapper.framework;
			path = Alamofire.framework;
			remoteRef = 2F6D9ED71CDB20F500647E63 /* PBXContainerItemProxy */;
			sourceTree = BUILT_PRODUCTS_DIR;
		};
		2F6D9EDA1CDB20F500647E63 /* Alamofire iOS Tests.xctest */ = {
			isa = PBXReferenceProxy;
			fileType = wrapper.cfbundle;
			path = "Alamofire iOS Tests.xctest";
			remoteRef = 2F6D9ED91CDB20F500647E63 /* PBXContainerItemProxy */;
			sourceTree = BUILT_PRODUCTS_DIR;
		};
		2F6D9EDC1CDB20F500647E63 /* Alamofire.framework */ = {
			isa = PBXReferenceProxy;
			fileType = wrapper.framework;
			path = Alamofire.framework;
			remoteRef = 2F6D9EDB1CDB20F500647E63 /* PBXContainerItemProxy */;
			sourceTree = BUILT_PRODUCTS_DIR;
		};
		2F6D9EDE1CDB20F500647E63 /* Alamofire OSX Tests.xctest */ = {
			isa = PBXReferenceProxy;
			fileType = wrapper.cfbundle;
			path = "Alamofire OSX Tests.xctest";
			remoteRef = 2F6D9EDD1CDB20F500647E63 /* PBXContainerItemProxy */;
			sourceTree = BUILT_PRODUCTS_DIR;
		};
		2F6D9EE01CDB20F500647E63 /* Alamofire.framework */ = {
			isa = PBXReferenceProxy;
			fileType = wrapper.framework;
			path = Alamofire.framework;
			remoteRef = 2F6D9EDF1CDB20F500647E63 /* PBXContainerItemProxy */;
			sourceTree = BUILT_PRODUCTS_DIR;
		};
		2F6D9EE21CDB20F500647E63 /* Alamofire tvOS Tests.xctest */ = {
			isa = PBXReferenceProxy;
			fileType = wrapper.cfbundle;
			path = "Alamofire tvOS Tests.xctest";
			remoteRef = 2F6D9EE11CDB20F500647E63 /* PBXContainerItemProxy */;
			sourceTree = BUILT_PRODUCTS_DIR;
		};
		2F6D9EE41CDB20F500647E63 /* Alamofire.framework */ = {
			isa = PBXReferenceProxy;
			fileType = wrapper.framework;
			path = Alamofire.framework;
			remoteRef = 2F6D9EE31CDB20F500647E63 /* PBXContainerItemProxy */;
			sourceTree = BUILT_PRODUCTS_DIR;
		};
/* End PBXReferenceProxy section */

/* Begin PBXResourcesBuildPhase section */
		2F9EFD921C9BAFCA0033B286 /* Resources */ = {
			isa = PBXResourcesBuildPhase;
			buildActionMask = 2147483647;
			files = (
				2F9EFDA21C9BAFCA0033B286 /* LaunchScreen.storyboard in Resources */,
				2F9EFD9F1C9BAFCA0033B286 /* Assets.xcassets in Resources */,
				2F9EFD9D1C9BAFCA0033B286 /* Main.storyboard in Resources */,
			);
			runOnlyForDeploymentPostprocessing = 0;
		};
		2F9EFDA61C9BAFCA0033B286 /* Resources */ = {
			isa = PBXResourcesBuildPhase;
			buildActionMask = 2147483647;
			files = (
			);
			runOnlyForDeploymentPostprocessing = 0;
		};
		2F9EFDB11C9BAFCA0033B286 /* Resources */ = {
			isa = PBXResourcesBuildPhase;
			buildActionMask = 2147483647;
			files = (
			);
			runOnlyForDeploymentPostprocessing = 0;
		};
/* End PBXResourcesBuildPhase section */

/* Begin PBXSourcesBuildPhase section */
		2F9EFD901C9BAFCA0033B286 /* Sources */ = {
			isa = PBXSourcesBuildPhase;
			buildActionMask = 2147483647;
			files = (
				2F9EFDCE1C9BCD2A0033B286 /* CommonConst.swift in Sources */,
				2F9EFDE51C9BCD960033B286 /* WaterFlowLayout.swift in Sources */,
				2F9EFD981C9BAFCA0033B286 /* AppDelegate.swift in Sources */,
				2F9EFE061C9BE4110033B286 /* TabViewController.swift in Sources */,
				2FA909D21C9FD9EB0022890F /* TintImageView.swift in Sources */,
				2F9EFE091C9C088B0033B286 /* DiscoverViewController.swift in Sources */,
				2F9EFE041C9BDF270033B286 /* ProfileViewController.swift in Sources */,
				2F9EFDCF1C9BCD2A0033B286 /* UIColorExtension.swift in Sources */,
				2F9EFDD01C9BCD2A0033B286 /* UIImageExtension.swift in Sources */,
			);
			runOnlyForDeploymentPostprocessing = 0;
		};
		2F9EFDA41C9BAFCA0033B286 /* Sources */ = {
			isa = PBXSourcesBuildPhase;
			buildActionMask = 2147483647;
			files = (
				2F9EFDAD1C9BAFCA0033B286 /* NiceTests.swift in Sources */,
			);
			runOnlyForDeploymentPostprocessing = 0;
		};
		2F9EFDAF1C9BAFCA0033B286 /* Sources */ = {
			isa = PBXSourcesBuildPhase;
			buildActionMask = 2147483647;
			files = (
				2F9EFDB81C9BAFCA0033B286 /* NiceUITests.swift in Sources */,
			);
			runOnlyForDeploymentPostprocessing = 0;
		};
/* End PBXSourcesBuildPhase section */

/* Begin PBXTargetDependency section */
		2F9EFDAA1C9BAFCA0033B286 /* PBXTargetDependency */ = {
			isa = PBXTargetDependency;
			target = 2F9EFD931C9BAFCA0033B286 /* Nice */;
			targetProxy = 2F9EFDA91C9BAFCA0033B286 /* PBXContainerItemProxy */;
		};
		2F9EFDB51C9BAFCA0033B286 /* PBXTargetDependency */ = {
			isa = PBXTargetDependency;
			target = 2F9EFD931C9BAFCA0033B286 /* Nice */;
			targetProxy = 2F9EFDB41C9BAFCA0033B286 /* PBXContainerItemProxy */;
		};
/* End PBXTargetDependency section */

/* Begin PBXVariantGroup section */
		2F9EFD9B1C9BAFCA0033B286 /* Main.storyboard */ = {
			isa = PBXVariantGroup;
			children = (
				2F9EFD9C1C9BAFCA0033B286 /* Base */,
			);
			name = Main.storyboard;
			sourceTree = "<group>";
		};
		2F9EFDA01C9BAFCA0033B286 /* LaunchScreen.storyboard */ = {
			isa = PBXVariantGroup;
			children = (
				2F9EFDA11C9BAFCA0033B286 /* Base */,
			);
			name = LaunchScreen.storyboard;
			sourceTree = "<group>";
		};
/* End PBXVariantGroup section */

/* Begin XCBuildConfiguration section */
		2F9EFDBA1C9BAFCA0033B286 /* Debug */ = {
			isa = XCBuildConfiguration;
			buildSettings = {
				ALWAYS_SEARCH_USER_PATHS = NO;
				CLANG_CXX_LANGUAGE_STANDARD = "gnu++0x";
				CLANG_CXX_LIBRARY = "libc++";
				CLANG_ENABLE_MODULES = YES;
				CLANG_ENABLE_OBJC_ARC = YES;
				CLANG_WARN_BOOL_CONVERSION = YES;
				CLANG_WARN_CONSTANT_CONVERSION = YES;
				CLANG_WARN_DIRECT_OBJC_ISA_USAGE = YES_ERROR;
				CLANG_WARN_EMPTY_BODY = YES;
				CLANG_WARN_ENUM_CONVERSION = YES;
				CLANG_WARN_INT_CONVERSION = YES;
				CLANG_WARN_OBJC_ROOT_CLASS = YES_ERROR;
				CLANG_WARN_UNREACHABLE_CODE = YES;
				CLANG_WARN__DUPLICATE_METHOD_MATCH = YES;
				"CODE_SIGN_IDENTITY[sdk=iphoneos*]" = "iPhone Developer";
				COPY_PHASE_STRIP = NO;
				DEBUG_INFORMATION_FORMAT = dwarf;
				ENABLE_STRICT_OBJC_MSGSEND = YES;
				ENABLE_TESTABILITY = YES;
				GCC_C_LANGUAGE_STANDARD = gnu99;
				GCC_DYNAMIC_NO_PIC = NO;
				GCC_NO_COMMON_BLOCKS = YES;
				GCC_OPTIMIZATION_LEVEL = 0;
				GCC_PREPROCESSOR_DEFINITIONS = (
					"DEBUG=1",
					"$(inherited)",
				);
				GCC_WARN_64_TO_32_BIT_CONVERSION = YES;
				GCC_WARN_ABOUT_RETURN_TYPE = YES_ERROR;
				GCC_WARN_UNDECLARED_SELECTOR = YES;
				GCC_WARN_UNINITIALIZED_AUTOS = YES_AGGRESSIVE;
				GCC_WARN_UNUSED_FUNCTION = YES;
				GCC_WARN_UNUSED_VARIABLE = YES;
				IPHONEOS_DEPLOYMENT_TARGET = 8.0;
				MTL_ENABLE_DEBUG_INFO = YES;
				ONLY_ACTIVE_ARCH = YES;
				SDKROOT = iphoneos;
				SWIFT_OPTIMIZATION_LEVEL = "-Onone";
			};
			name = Debug;
		};
		2F9EFDBB1C9BAFCA0033B286 /* Release */ = {
			isa = XCBuildConfiguration;
			buildSettings = {
				ALWAYS_SEARCH_USER_PATHS = NO;
				CLANG_CXX_LANGUAGE_STANDARD = "gnu++0x";
				CLANG_CXX_LIBRARY = "libc++";
				CLANG_ENABLE_MODULES = YES;
				CLANG_ENABLE_OBJC_ARC = YES;
				CLANG_WARN_BOOL_CONVERSION = YES;
				CLANG_WARN_CONSTANT_CONVERSION = YES;
				CLANG_WARN_DIRECT_OBJC_ISA_USAGE = YES_ERROR;
				CLANG_WARN_EMPTY_BODY = YES;
				CLANG_WARN_ENUM_CONVERSION = YES;
				CLANG_WARN_INT_CONVERSION = YES;
				CLANG_WARN_OBJC_ROOT_CLASS = YES_ERROR;
				CLANG_WARN_UNREACHABLE_CODE = YES;
				CLANG_WARN__DUPLICATE_METHOD_MATCH = YES;
				"CODE_SIGN_IDENTITY[sdk=iphoneos*]" = "iPhone Developer";
				COPY_PHASE_STRIP = NO;
				DEBUG_INFORMATION_FORMAT = "dwarf-with-dsym";
				ENABLE_NS_ASSERTIONS = NO;
				ENABLE_STRICT_OBJC_MSGSEND = YES;
				GCC_C_LANGUAGE_STANDARD = gnu99;
				GCC_NO_COMMON_BLOCKS = YES;
				GCC_WARN_64_TO_32_BIT_CONVERSION = YES;
				GCC_WARN_ABOUT_RETURN_TYPE = YES_ERROR;
				GCC_WARN_UNDECLARED_SELECTOR = YES;
				GCC_WARN_UNINITIALIZED_AUTOS = YES_AGGRESSIVE;
				GCC_WARN_UNUSED_FUNCTION = YES;
				GCC_WARN_UNUSED_VARIABLE = YES;
				IPHONEOS_DEPLOYMENT_TARGET = 8.0;
				MTL_ENABLE_DEBUG_INFO = NO;
				SDKROOT = iphoneos;
				VALIDATE_PRODUCT = YES;
			};
			name = Release;
		};
		2F9EFDBD1C9BAFCA0033B286 /* Debug */ = {
			isa = XCBuildConfiguration;
			buildSettings = {
				ASSETCATALOG_COMPILER_APPICON_NAME = AppIcon;
				FRAMEWORK_SEARCH_PATHS = (
					"$(SRCROOT)/Carthage/Build/iOS",
					"$(PROJECT_DIR)/Carthage/Build/iOS",
				);
				GCC_PRECOMPILE_PREFIX_HEADER = NO;
				GCC_PREFIX_HEADER = "";
				INFOPLIST_FILE = Nice/Info.plist;
				IPHONEOS_DEPLOYMENT_TARGET = 8.0;
				LD_RUNPATH_SEARCH_PATHS = "$(inherited) @executable_path/Frameworks";
				ONLY_ACTIVE_ARCH = YES;
				PRODUCT_BUNDLE_IDENTIFIER = com.zendai.Nice;
				PRODUCT_NAME = "$(TARGET_NAME)";
				SWIFT_OBJC_BRIDGING_HEADER = "Nice/Declare/Nice-Bridging-Header.h";
				VALID_ARCHS = "armv7 armv7s arm64";
			};
			name = Debug;
		};
		2F9EFDBE1C9BAFCA0033B286 /* Release */ = {
			isa = XCBuildConfiguration;
			buildSettings = {
				ASSETCATALOG_COMPILER_APPICON_NAME = AppIcon;
				FRAMEWORK_SEARCH_PATHS = (
					"$(SRCROOT)/Carthage/Build/iOS",
					"$(PROJECT_DIR)/Carthage/Build/iOS",
				);
				GCC_PRECOMPILE_PREFIX_HEADER = NO;
				GCC_PREFIX_HEADER = "";
				INFOPLIST_FILE = Nice/Info.plist;
				IPHONEOS_DEPLOYMENT_TARGET = 8.0;
				LD_RUNPATH_SEARCH_PATHS = "$(inherited) @executable_path/Frameworks";
				ONLY_ACTIVE_ARCH = NO;
				PRODUCT_BUNDLE_IDENTIFIER = com.zendai.Nice;
				PRODUCT_NAME = "$(TARGET_NAME)";
				SWIFT_OBJC_BRIDGING_HEADER = "Nice/Declare/Nice-Bridging-Header.h";
				VALID_ARCHS = "armv7 armv7s arm64";
			};
			name = Release;
		};
		2F9EFDC01C9BAFCA0033B286 /* Debug */ = {
			isa = XCBuildConfiguration;
			buildSettings = {
				BUNDLE_LOADER = "$(TEST_HOST)";
				INFOPLIST_FILE = NiceTests/Info.plist;
				LD_RUNPATH_SEARCH_PATHS = "$(inherited) @executable_path/Frameworks @loader_path/Frameworks";
				PRODUCT_BUNDLE_IDENTIFIER = com.zendai.NiceTests;
				PRODUCT_NAME = "$(TARGET_NAME)";
				TEST_HOST = "$(BUILT_PRODUCTS_DIR)/Nice.app/Nice";
			};
			name = Debug;
		};
		2F9EFDC11C9BAFCA0033B286 /* Release */ = {
			isa = XCBuildConfiguration;
			buildSettings = {
				BUNDLE_LOADER = "$(TEST_HOST)";
				INFOPLIST_FILE = NiceTests/Info.plist;
				LD_RUNPATH_SEARCH_PATHS = "$(inherited) @executable_path/Frameworks @loader_path/Frameworks";
				PRODUCT_BUNDLE_IDENTIFIER = com.zendai.NiceTests;
				PRODUCT_NAME = "$(TARGET_NAME)";
				TEST_HOST = "$(BUILT_PRODUCTS_DIR)/Nice.app/Nice";
			};
			name = Release;
		};
		2F9EFDC31C9BAFCA0033B286 /* Debug */ = {
			isa = XCBuildConfiguration;
			buildSettings = {
				INFOPLIST_FILE = NiceUITests/Info.plist;
				LD_RUNPATH_SEARCH_PATHS = "$(inherited) @executable_path/Frameworks @loader_path/Frameworks";
				PRODUCT_BUNDLE_IDENTIFIER = com.zendai.NiceUITests;
				PRODUCT_NAME = "$(TARGET_NAME)";
				TEST_TARGET_NAME = Nice;
				USES_XCTRUNNER = YES;
			};
			name = Debug;
		};
		2F9EFDC41C9BAFCA0033B286 /* Release */ = {
			isa = XCBuildConfiguration;
			buildSettings = {
				INFOPLIST_FILE = NiceUITests/Info.plist;
				LD_RUNPATH_SEARCH_PATHS = "$(inherited) @executable_path/Frameworks @loader_path/Frameworks";
				PRODUCT_BUNDLE_IDENTIFIER = com.zendai.NiceUITests;
				PRODUCT_NAME = "$(TARGET_NAME)";
				TEST_TARGET_NAME = Nice;
				USES_XCTRUNNER = YES;
			};
			name = Release;
		};
/* End XCBuildConfiguration section */

/* Begin XCConfigurationList section */
		2F9EFD8F1C9BAFCA0033B286 /* Build configuration list for PBXProject "Nice" */ = {
			isa = XCConfigurationList;
			buildConfigurations = (
				2F9EFDBA1C9BAFCA0033B286 /* Debug */,
				2F9EFDBB1C9BAFCA0033B286 /* Release */,
			);
			defaultConfigurationIsVisible = 0;
			defaultConfigurationName = Release;
		};
		2F9EFDBC1C9BAFCA0033B286 /* Build configuration list for PBXNativeTarget "Nice" */ = {
			isa = XCConfigurationList;
			buildConfigurations = (
				2F9EFDBD1C9BAFCA0033B286 /* Debug */,
				2F9EFDBE1C9BAFCA0033B286 /* Release */,
			);
			defaultConfigurationIsVisible = 0;
			defaultConfigurationName = Release;
		};
		2F9EFDBF1C9BAFCA0033B286 /* Build configuration list for PBXNativeTarget "NiceTests" */ = {
			isa = XCConfigurationList;
			buildConfigurations = (
				2F9EFDC01C9BAFCA0033B286 /* Debug */,
				2F9EFDC11C9BAFCA0033B286 /* Release */,
			);
			defaultConfigurationIsVisible = 0;
			defaultConfigurationName = Release;
		};
		2F9EFDC21C9BAFCA0033B286 /* Build configuration list for PBXNativeTarget "NiceUITests" */ = {
			isa = XCConfigurationList;
			buildConfigurations = (
				2F9EFDC31C9BAFCA0033B286 /* Debug */,
				2F9EFDC41C9BAFCA0033B286 /* Release */,
			);
			defaultConfigurationIsVisible = 0;
			defaultConfigurationName = Release;
		};
/* End XCConfigurationList section */
	};
	rootObject = 2F9EFD8C1C9BAFCA0033B286 /* Project object */;
}
